{
  "requires": true,
  "lockfileVersion": 1,
  "dependencies": {
    "httpd-node": {
      "version": "0.1.8",
      "resolved": "https://registry.npmjs.org/httpd-node/-/httpd-node-0.1.8.tgz",
      "integrity": "sha1-JBCOP0ciNlOMfgW/T87itS2PliU=",
      "requires": {
        "mime": "1.2.11"
      }
    },
    "mime": {
      "version": "1.2.11",
      "resolved": "https://registry.npmjs.org/mime/-/mime-1.2.11.tgz",
      "integrity": "sha1-WCA+7Ybjpe8XrtK32evUfwpg3RA="
    }
  }
}
